
Microsoft Visual Studio Solution File, Format Version 12.00
# Visual Studio Version 17
VisualStudioVersion = 17.4.33213.308
MinimumVisualStudioVersion = 10.0.40219.1
Project("{FAE04EC0-301F-11D3-BF4B-00C04F79EFBC}") = "LineComparison", "LineComparison\LineComparison.csproj", "{4C557034-DEC9-4A09-B995-8FFADCA9B67D}"
EndProject
Global
	GlobalSection(SolutionConfigurationPlatforms) = preSolution
		Debug|Any CPU = Debug|Any CPU
		Release|Any CPU = Release|Any CPU
	EndGlobalSection
	GlobalSection(ProjectConfigurationPlatforms) = postSolution
		{4C557034-DEC9-4A09-B995-8FFADCA9B67D}.Debug|Any CPU.ActiveCfg = Debug|Any CPU
		{4C557034-DEC9-4A09-B995-8FFADCA9B67D}.Debug|Any CPU.Build.0 = Debug|Any CPU
		{4C557034-DEC9-4A09-B995-8FFADCA9B67D}.Release|Any CPU.ActiveCfg = Release|Any CPU
		{4C557034-DEC9-4A09-B995-8FFADCA9B67D}.Release|Any CPU.Build.0 = Release|Any CPU
	EndGlobalSection
	GlobalSection(SolutionProperties) = preSolution
		HideSolutionNode = FALSE
	EndGlobalSection
	GlobalSection(ExtensibilityGlobals) = postSolution
		SolutionGuid = {559A3790-D048-4462-B42A-E3DBCE70FED5}
	EndGlobalSection
EndGlobal
